
Microsoft Visual Studio Solution File, Format Version 12.00
# Visual Studio Version 17
VisualStudioVersion = 17.3.32901.215
MinimumVisualStudioVersion = 10.0.40219.1
Project("{8BC9CEB8-8B4A-11D0-8D11-00A0C91BC942}") = "Algo_Assignment", "Algo_Assignment\Algo_Assignment.vcxproj", "{048278B6-0058-4C91-9170-2B201764BB04}"
EndProject
Global
	GlobalSection(SolutionConfigurationPlatforms) = preSolution
		Debug|x64 = Debug|x64
		Debug|x86 = Debug|x86
		Release|x64 = Release|x64
		Release|x86 = Release|x86
	EndGlobalSection
	GlobalSection(ProjectConfigurationPlatforms) = postSolution
		{048278B6-0058-4C91-9170-2B201764BB04}.Debug|x64.ActiveCfg = Debug|x64
		{048278B6-0058-4C91-9170-2B201764BB04}.Debug|x64.Build.0 = Debug|x64
		{048278B6-0058-4C91-9170-2B201764BB04}.Debug|x86.ActiveCfg = Debug|Win32
		{048278B6-0058-4C91-9170-2B201764BB04}.Debug|x86.Build.0 = Debug|Win32
		{048278B6-0058-4C91-9170-2B201764BB04}.Release|x64.ActiveCfg = Release|x64
		{048278B6-0058-4C91-9170-2B201764BB04}.Release|x64.Build.0 = Release|x64
		{048278B6-0058-4C91-9170-2B201764BB04}.Release|x86.ActiveCfg = Release|Win32
		{048278B6-0058-4C91-9170-2B201764BB04}.Release|x86.Build.0 = Release|Win32
	EndGlobalSection
	GlobalSection(SolutionProperties) = preSolution
		HideSolutionNode = FALSE
	EndGlobalSection
	GlobalSection(ExtensibilityGlobals) = postSolution
		SolutionGuid = {46EBDFF9-B2DD-4082-BAC6-5AC1E094D400}
	EndGlobalSection
EndGlobal
